{
  "name": "data-builder",
  "version": "1.0.0",
  "lockfileVersion": 3,
  "requires": true,
  "packages": {
    "": {
      "name": "data-builder",
      "version": "1.0.0",
      "license": "MIT",
      "dependencies": {
        "@stdlib/datasets-female-first-names-en": "^0.2.2",
        "@stdlib/datasets-male-first-names-en": "^0.2.2",
        "all-the-cities": "^3.1.0",
        "categorized-words": "^1.0.0",
        "node-fetch": "^2.7.0"
      }
    },
    "node_modules/@stdlib/assert-has-own-property": {
      "version": "0.2.2",
      "resolved": "https://registry.npmjs.org/@stdlib/assert-has-own-property/-/assert-has-own-property-0.2.2.tgz",
      "integrity": "sha512-m5rV4Z2/iNkwx2vRsNheM6sQZMzc8rQQOo90LieICXovXZy8wA5jNld4kRKjMNcRt/TjrNP7i2Rhh8hruRDlHg==",
      "os": [
        "aix",
        "darwin",
        "freebsd",
        "linux",
        "macos",
        "openbsd",
        "sunos",
        "win32",
        "windows"
      ],
      "engines": {
        "node": ">=0.10.0",
        "npm": ">2.7.0"
      },
      "funding": {
        "type": "opencollective",
        "url": "https://opencollective.com/stdlib"
      }
    },
    "node_modules/@stdlib/assert-has-symbol-support": {
      "version": "0.2.2",
      "resolved": "https://registry.npmjs.org/@stdlib/assert-has-symbol-support/-/assert-has-symbol-support-0.2.2.tgz",
      "integrity": "sha512-vCsGGmDZz5dikGgdF26rIL0y0nHvH7qaVf89HLLTybceuZijAqFSJEqcB3Gpl5uaeueLNAWExHi2EkoUVqKHGg==",
      "os": [
        "aix",
        "darwin",
        "freebsd",
        "linux",
        "macos",
        "openbsd",
        "sunos",
        "win32",
        "windows"
      ],
      "engines": {
        "node": ">=0.10.0",
        "npm": ">2.7.0"
      },
      "funding": {
        "type": "opencollective",
        "url": "https://opencollective.com/stdlib"
      }
    },
    "node_modules/@stdlib/assert-has-tostringtag-support": {
      "version": "0.2.2",
      "resolved": "https://registry.npmjs.org/@stdlib/assert-has-tostringtag-support/-/assert-has-tostringtag-support-0.2.2.tgz",
      "integrity": "sha512-bSHGqku11VH0swPEzO4Y2Dr+lTYEtjSWjamwqCTC8udOiOIOHKoxuU4uaMGKJjVfXG1L+XefLHqzuO5azxdRaA==",
      "os": [
        "aix",
        "darwin",
        "freebsd",
        "linux",
        "macos",
        "openbsd",
        "sunos",
        "win32",
        "windows"
      ],
      "dependencies": {
        "@stdlib/assert-has-symbol-support": "^0.2.1"
      },
      "engines": {
        "node": ">=0.10.0",
        "npm": ">2.7.0"
      },
      "funding": {
        "type": "opencollective",
        "url": "https://opencollective.com/stdlib"
      }
    },
    "node_modules/@stdlib/assert-instance-of": {
      "version": "0.2.2",
      "resolved": "https://registry.npmjs.org/@stdlib/assert-instance-of/-/assert-instance-of-0.2.2.tgz",
      "integrity": "sha512-PqVd6EzbGV5mD/gTEarFutdRTyKkyK3H0b3NZHQ7N9QbVDC1XBhI9ajR/twI3445AfsW/9OSzJoWIM95PjGaOA==",
      "os": [
        "aix",
        "darwin",
        "freebsd",
        "linux",
        "macos",
        "openbsd",
        "sunos",
        "win32",
        "windows"
      ],
      "dependencies": {
        "@stdlib/error-tools-fmtprodmsg": "^0.2.2",
        "@stdlib/string-format": "^0.2.2"
      },
      "engines": {
        "node": ">=0.10.0",
        "npm": ">2.7.0"
      },
      "funding": {
        "type": "opencollective",
        "url": "https://opencollective.com/stdlib"
      }
    },
    "node_modules/@stdlib/assert-is-array": {
      "version": "0.2.2",
      "resolved": "https://registry.npmjs.org/@stdlib/assert-is-array/-/assert-is-array-0.2.2.tgz",
      "integrity": "sha512-aJyTX2U3JqAGCATgaAX9ygvDHc97GCIKkIhiZm/AZaLoFHPtMA1atQ4bKcefEC8Um9eefryxTHfFPfSr9CoNQQ==",
      "os": [
        "aix",
        "darwin",
        "freebsd",
        "linux",
        "macos",
        "openbsd",
        "sunos",
        "win32",
        "windows"
      ],
      "dependencies": {
        "@stdlib/utils-native-class": "^0.2.1"
      },
      "engines": {
        "node": ">=0.10.0",
        "npm": ">2.7.0"
      },
      "funding": {
        "type": "opencollective",
        "url": "https://opencollective.com/stdlib"
      }
    },
    "node_modules/@stdlib/assert-is-boolean": {
      "version": "0.2.2",
      "resolved": "https://registry.npmjs.org/@stdlib/assert-is-boolean/-/assert-is-boolean-0.2.2.tgz",
      "integrity": "sha512-3KFLRTYZpX6u95baZ6PubBvjehJs2xBU6+zrenR0jx8KToUYCnJPxqqj7JXRhSD+cOURmcjj9rocVaG9Nz18Pg==",
      "os": [
        "aix",
        "darwin",
        "freebsd",
        "linux",
        "macos",
        "openbsd",
        "sunos",
        "win32",
        "windows"
      ],
      "dependencies": {
        "@stdlib/assert-has-tostringtag-support": "^0.2.2",
        "@stdlib/boolean-ctor": "^0.2.2",
        "@stdlib/utils-define-nonenumerable-read-only-property": "^0.2.2",
        "@stdlib/utils-native-class": "^0.2.1"
      },
      "engines": {
        "node": ">=0.10.0",
        "npm": ">2.7.0"
      },
      "funding": {
        "type": "opencollective",
        "url": "https://opencollective.com/stdlib"
      }
    },
    "node_modules/@stdlib/assert-is-buffer": {
      "version": "0.2.2",
      "resolved": "https://registry.npmjs.org/@stdlib/assert-is-buffer/-/assert-is-buffer-0.2.2.tgz",
      "integrity": "sha512-4/WMFTEcDYlVbRhxY8Wlqag4S70QCnn6WmQ4wmfiLW92kqQHsLvTNvdt/qqh/SDyDV31R/cpd3QPsVN534dNEA==",
      "os": [
        "aix",
        "darwin",
        "freebsd",
        "linux",
        "macos",
        "openbsd",
        "sunos",
        "win32",
        "windows"
      ],
      "dependencies": {
        "@stdlib/assert-is-object-like": "^0.2.1"
      },
      "engines": {
        "node": ">=0.10.0",
        "npm": ">2.7.0"
      },
      "funding": {
        "type": "opencollective",
        "url": "https://opencollective.com/stdlib"
      }
    },
    "node_modules/@stdlib/assert-is-function": {
      "version": "0.2.2",
      "resolved": "https://registry.npmjs.org/@stdlib/assert-is-function/-/assert-is-function-0.2.2.tgz",
      "integrity": "sha512-whY69DUYWljCJ79Cvygp7VzWGOtGTsh3SQhzNuGt+ut6EsOW+8nwiRkyBXYKf/MOF+NRn15pxg8cJEoeRgsPcA==",
      "os": [
        "aix",
        "darwin",
        "freebsd",
        "linux",
        "macos",
        "openbsd",
        "sunos",
        "win32",
        "windows"
      ],
      "dependencies": {
        "@stdlib/utils-type-of": "^0.2.1"
      },
      "engines": {
        "node": ">=0.10.0",
        "npm": ">2.7.0"
      },
      "funding": {
        "type": "opencollective",
        "url": "https://opencollective.com/stdlib"
      }
    },
    "node_modules/@stdlib/assert-is-object": {
      "version": "0.2.2",
      "resolved": "https://registry.npmjs.org/@stdlib/assert-is-object/-/assert-is-object-0.2.2.tgz",
      "integrity": "sha512-sNnphJuHyMDHHHaonlx6vaCKMe4sHOn0ag5Ck4iW3kJtM2OZB2J4h8qFcwKzlMk7fgFu7vYNGCZtpm1dYbbUfQ==",
      "os": [
        "aix",
        "darwin",
        "freebsd",
        "linux",
        "macos",
        "openbsd",
        "sunos",
        "win32",
        "windows"
      ],
      "dependencies": {
        "@stdlib/assert-is-array": "^0.2.1"
      },
      "engines": {
        "node": ">=0.10.0",
        "npm": ">2.7.0"
      },
      "funding": {
        "type": "opencollective",
        "url": "https://opencollective.com/stdlib"
      }
    },
    "node_modules/@stdlib/assert-is-object-like": {
      "version": "0.2.2",
      "resolved": "https://registry.npmjs.org/@stdlib/assert-is-object-like/-/assert-is-object-like-0.2.2.tgz",
      "integrity": "sha512-MjQBpHdEebbJwLlxh/BKNH8IEHqY0YlcCMRKOQU0UOlILSJg0vG+GL4fDDqtx9FSXxcTqC+w3keHx8kAKvQhzg==",
      "os": [
        "aix",
        "darwin",
        "freebsd",
        "linux",
        "macos",
        "openbsd",
        "sunos",
        "win32",
        "windows"
      ],
      "dependencies": {
        "@stdlib/assert-tools-array-function": "^0.2.1",
        "@stdlib/utils-define-nonenumerable-read-only-property": "^0.2.2"
      },
      "engines": {
        "node": ">=0.10.0",
        "npm": ">2.7.0"
      },
      "funding": {
        "type": "opencollective",
        "url": "https://opencollective.com/stdlib"
      }
    },
    "node_modules/@stdlib/assert-is-plain-object": {
      "version": "0.2.2",
      "resolved": "https://registry.npmjs.org/@stdlib/assert-is-plain-object/-/assert-is-plain-object-0.2.2.tgz",
      "integrity": "sha512-o4AFWgBsSNzZAOOfIrxoDFYTqnLuGiaHDFwIeZGUHdpQeav2Fll+sGeaqOcekF7yKawoswnwWdJqTsjapb4Yzw==",
      "os": [
        "aix",
        "darwin",
        "freebsd",
        "linux",
        "macos",
        "openbsd",
        "sunos",
        "win32",
        "windows"
      ],
      "dependencies": {
        "@stdlib/assert-has-own-property": "^0.2.1",
        "@stdlib/assert-is-function": "^0.2.1",
        "@stdlib/assert-is-object": "^0.2.1",
        "@stdlib/utils-get-prototype-of": "^0.2.1",
        "@stdlib/utils-native-class": "^0.2.1"
      },
      "engines": {
        "node": ">=0.10.0",
        "npm": ">2.7.0"
      },
      "funding": {
        "type": "opencollective",
        "url": "https://opencollective.com/stdlib"
      }
    },
    "node_modules/@stdlib/assert-is-string": {
      "version": "0.2.2",
      "resolved": "https://registry.npmjs.org/@stdlib/assert-is-string/-/assert-is-string-0.2.2.tgz",
      "integrity": "sha512-SOkFg4Hq443hkadM4tzcwTHWvTyKP9ULOZ8MSnnqmU0nBX1zLVFLFGY8jnF6Cary0dL0V7QQBCfuxqKFM6u2PQ==",
      "os": [
        "aix",
        "darwin",
        "freebsd",
        "linux",
        "macos",
        "openbsd",
        "sunos",
        "win32",
        "windows"
      ],
      "dependencies": {
        "@stdlib/assert-has-tostringtag-support": "^0.2.2",
        "@stdlib/utils-define-nonenumerable-read-only-property": "^0.2.2",
        "@stdlib/utils-native-class": "^0.2.1"
      },
      "engines": {
        "node": ">=0.10.0",
        "npm": ">2.7.0"
      },
      "funding": {
        "type": "opencollective",
        "url": "https://opencollective.com/stdlib"
      }
    },
    "node_modules/@stdlib/assert-tools-array-function": {
      "version": "0.2.2",
      "resolved": "https://registry.npmjs.org/@stdlib/assert-tools-array-function/-/assert-tools-array-function-0.2.2.tgz",
      "integrity": "sha512-FYeT7X9x0C8Nh+MN6IJUDz+7i7yB6mio2/SDlrvyepjyPSU/cfHfwW0GEOnQhxZ+keLZC/YqDD930WjRODwMdA==",
      "os": [
        "aix",
        "darwin",
        "freebsd",
        "linux",
        "macos",
        "openbsd",
        "sunos",
        "win32",
        "windows"
      ],
      "dependencies": {
        "@stdlib/assert-is-array": "^0.2.1",
        "@stdlib/error-tools-fmtprodmsg": "^0.2.2",
        "@stdlib/string-format": "^0.2.2"
      },
      "engines": {
        "node": ">=0.10.0",
        "npm": ">2.7.0"
      },
      "funding": {
        "type": "opencollective",
        "url": "https://opencollective.com/stdlib"
      }
    },
    "node_modules/@stdlib/boolean-ctor": {
      "version": "0.2.2",
      "resolved": "https://registry.npmjs.org/@stdlib/boolean-ctor/-/boolean-ctor-0.2.2.tgz",
      "integrity": "sha512-qIkHzmfxDvGzQ3XI9R7sZG97QSaWG5TvWVlrvcysOGT1cs6HtQgnf4D//SRzZ52VLm8oICP+6OKtd8Hpm6G7Ww==",
      "os": [
        "aix",
        "darwin",
        "freebsd",
        "linux",
        "macos",
        "openbsd",
        "sunos",
        "win32",
        "windows"
      ],
      "engines": {
        "node": ">=0.10.0",
        "npm": ">2.7.0"
      },
      "funding": {
        "type": "opencollective",
        "url": "https://opencollective.com/stdlib"
      }
    },
    "node_modules/@stdlib/datasets-female-first-names-en": {
      "version": "0.2.2",
      "resolved": "https://registry.npmjs.org/@stdlib/datasets-female-first-names-en/-/datasets-female-first-names-en-0.2.2.tgz",
      "integrity": "sha512-nnCl4CvHBHZsicYTlwBgBQXko5IogLhXNIjG2Vx9beHBgN9aqrXyUBZ6BX216pVbZ8+cA8ZxS0aKLnPaBLIndg==",
      "os": [
        "aix",
        "darwin",
        "freebsd",
        "linux",
        "macos",
        "openbsd",
        "sunos",
        "win32",
        "windows"
      ],
      "dependencies": {
        "@stdlib/fs-read-json": "^0.2.1"
      },
      "engines": {
        "node": ">=0.10.0",
        "npm": ">2.7.0"
      },
      "funding": {
        "type": "opencollective",
        "url": "https://opencollective.com/stdlib"
      }
    },
    "node_modules/@stdlib/datasets-male-first-names-en": {
      "version": "0.2.2",
      "resolved": "https://registry.npmjs.org/@stdlib/datasets-male-first-names-en/-/datasets-male-first-names-en-0.2.2.tgz",
      "integrity": "sha512-MrGrX0tLI3aplOnNycvYEGpfeNp+xmS8t/bti3D8N95/0Seot0q78STCo+hy8yezspq3ul86ZP4zKuLnTpjTOg==",
      "os": [
        "aix",
        "darwin",
        "freebsd",
        "linux",
        "macos",
        "openbsd",
        "sunos",
        "win32",
        "windows"
      ],
      "dependencies": {
        "@stdlib/fs-read-json": "^0.2.1"
      },
      "engines": {
        "node": ">=0.10.0",
        "npm": ">2.7.0"
      },
      "funding": {
        "type": "opencollective",
        "url": "https://opencollective.com/stdlib"
      }
    },
    "node_modules/@stdlib/error-tools-fmtprodmsg": {
      "version": "0.2.2",
      "resolved": "https://registry.npmjs.org/@stdlib/error-tools-fmtprodmsg/-/error-tools-fmtprodmsg-0.2.2.tgz",
      "integrity": "sha512-2IliQfTes4WV5odPidZFGD5eYDswZrPXob7oOu95Q69ERqImo8WzSwnG2EDbHPyOyYCewuMfM5Ha6Ggf+u944Q==",
      "os": [
        "aix",
        "darwin",
        "freebsd",
        "linux",
        "macos",
        "openbsd",
        "sunos",
        "win32",
        "windows"
      ],
      "engines": {
        "node": ">=0.10.0",
        "npm": ">2.7.0"
      },
      "funding": {
        "type": "opencollective",
        "url": "https://opencollective.com/stdlib"
      }
    },
    "node_modules/@stdlib/fs-read-file": {
      "version": "0.2.2",
      "resolved": "https://registry.npmjs.org/@stdlib/fs-read-file/-/fs-read-file-0.2.2.tgz",
      "integrity": "sha512-WD73SQy2WxbMPJvvRePI7k1NgnBZGpH7JL9UmETbhF0lNjM6AH0y8MC9O9gITTKbgHHnaLv+w2ydh4KPZ+0xaA==",
      "os": [
        "aix",
        "darwin",
        "freebsd",
        "linux",
        "macos",
        "openbsd",
        "sunos",
        "win32",
        "windows"
      ],
      "dependencies": {
        "@stdlib/utils-define-nonenumerable-read-only-property": "^0.2.2"
      },
      "engines": {
        "node": ">=0.10.0",
        "npm": ">2.7.0"
      },
      "funding": {
        "type": "opencollective",
        "url": "https://opencollective.com/stdlib"
      }
    },
    "node_modules/@stdlib/fs-read-json": {
      "version": "0.2.2",
      "resolved": "https://registry.npmjs.org/@stdlib/fs-read-json/-/fs-read-json-0.2.2.tgz",
      "integrity": "sha512-OmoxZ5P47Hvbf0hSppKPOlKN2sSOyePgWsdpE8w+M7w0cwjiF4o6806XOJC9vR4Hrl+nqhZ26Cfise/sxXNbSQ==",
      "os": [
        "aix",
        "darwin",
        "freebsd",
        "linux",
        "macos",
        "openbsd",
        "sunos",
        "win32",
        "windows"
      ],
      "dependencies": {
        "@stdlib/assert-instance-of": "^0.2.2",
        "@stdlib/assert-is-function": "^0.2.2",
        "@stdlib/assert-is-plain-object": "^0.2.2",
        "@stdlib/assert-is-string": "^0.2.2",
        "@stdlib/error-tools-fmtprodmsg": "^0.2.2",
        "@stdlib/fs-read-file": "^0.2.2",
        "@stdlib/string-format": "^0.2.2",
        "@stdlib/string-remove-utf8-bom": "^0.2.1",
        "@stdlib/utils-define-nonenumerable-read-only-property": "^0.2.2",
        "@stdlib/utils-parse-json": "^0.2.2"
      },
      "engines": {
        "node": ">=0.10.0",
        "npm": ">2.7.0"
      },
      "funding": {
        "type": "opencollective",
        "url": "https://opencollective.com/stdlib"
      }
    },
    "node_modules/@stdlib/object-ctor": {
      "version": "0.2.1",
      "resolved": "https://registry.npmjs.org/@stdlib/object-ctor/-/object-ctor-0.2.1.tgz",
      "integrity": "sha512-HEIBBpfdQS9Nh5mmIqMk9fzedx6E0tayJrVa2FD7No86rVuq/Ikxq1QP7qNXm+i6z9iNUUS/lZq7BmJESWO/Zg==",
      "os": [
        "aix",
        "darwin",
        "freebsd",
        "linux",
        "macos",
        "openbsd",
        "sunos",
        "win32",
        "windows"
      ],
      "engines": {
        "node": ">=0.10.0",
        "npm": ">2.7.0"
      },
      "funding": {
        "type": "opencollective",
        "url": "https://opencollective.com/stdlib"
      }
    },
    "node_modules/@stdlib/regexp-function-name": {
      "version": "0.2.2",
      "resolved": "https://registry.npmjs.org/@stdlib/regexp-function-name/-/regexp-function-name-0.2.2.tgz",
      "integrity": "sha512-0z/KRsgHJJ3UQkmBeLH+Nin0hXIeA+Fw1T+mnG2V5CHnTA6FKlpxJxWrvwLEsRX7mR/DNtDp06zGyzMFE/4kig==",
      "os": [
        "aix",
        "darwin",
        "freebsd",
        "linux",
        "macos",
        "openbsd",
        "sunos",
        "win32",
        "windows"
      ],
      "dependencies": {
        "@stdlib/utils-define-nonenumerable-read-only-property": "^0.2.2"
      },
      "engines": {
        "node": ">=0.10.0",
        "npm": ">2.7.0"
      },
      "funding": {
        "type": "opencollective",
        "url": "https://opencollective.com/stdlib"
      }
    },
    "node_modules/@stdlib/string-base-format-interpolate": {
      "version": "0.2.2",
      "resolved": "https://registry.npmjs.org/@stdlib/string-base-format-interpolate/-/string-base-format-interpolate-0.2.2.tgz",
      "integrity": "sha512-i9nU9rAB2+o/RR66TS9iQ8x+YzeUDL1SGiAo6GY3hP6Umz5Dx9Qp/v8T69gWVsb4a1YSclz5+YeCWaFgwvPjKA==",
      "os": [
        "aix",
        "darwin",
        "freebsd",
        "linux",
        "macos",
        "openbsd",
        "sunos",
        "win32",
        "windows"
      ],
      "engines": {
        "node": ">=0.10.0",
        "npm": ">2.7.0"
      },
      "funding": {
        "type": "opencollective",
        "url": "https://opencollective.com/stdlib"
      }
    },
    "node_modules/@stdlib/string-base-format-tokenize": {
      "version": "0.2.2",
      "resolved": "https://registry.npmjs.org/@stdlib/string-base-format-tokenize/-/string-base-format-tokenize-0.2.2.tgz",
      "integrity": "sha512-kXq2015i+LJjqth5dN+hYnvJXBSzRm8w0ABWB5tYAsIuQTpQK+mSo2muM8JBEFEnqUHAwpUsu2qNTK/9o8lsJg==",
      "os": [
        "aix",
        "darwin",
        "freebsd",
        "linux",
        "macos",
        "openbsd",
        "sunos",
        "win32",
        "windows"
      ],
      "engines": {
        "node": ">=0.10.0",
        "npm": ">2.7.0"
      },
      "funding": {
        "type": "opencollective",
        "url": "https://opencollective.com/stdlib"
      }
    },
    "node_modules/@stdlib/string-format": {
      "version": "0.2.2",
      "resolved": "https://registry.npmjs.org/@stdlib/string-format/-/string-format-0.2.2.tgz",
      "integrity": "sha512-GUa50uxgMAtoItsxTbMmwkyhIwrCxCrsjzk3nAbLnt/1Kt1EWOWMwsALqZdD6K4V/xSJ4ns6PZur3W6w+vKk9g==",
      "os": [
        "aix",
        "darwin",
        "freebsd",
        "linux",
        "macos",
        "openbsd",
        "sunos",
        "win32",
        "windows"
      ],
      "dependencies": {
        "@stdlib/string-base-format-interpolate": "^0.2.1",
        "@stdlib/string-base-format-tokenize": "^0.2.2"
      },
      "engines": {
        "node": ">=0.10.0",
        "npm": ">2.7.0"
      },
      "funding": {
        "type": "opencollective",
        "url": "https://opencollective.com/stdlib"
      }
    },
    "node_modules/@stdlib/string-remove-utf8-bom": {
      "version": "0.2.2",
      "resolved": "https://registry.npmjs.org/@stdlib/string-remove-utf8-bom/-/string-remove-utf8-bom-0.2.2.tgz",
      "integrity": "sha512-8x9YomR8rRs2Y1/Yfa7jh3cVg+SqDQ4I3Rz1uYqgC018UISFbNZyTXnI+x9SAJ0mvVamShzv392tkbosArBhYg==",
      "os": [
        "aix",
        "darwin",
        "freebsd",
        "linux",
        "macos",
        "openbsd",
        "sunos",
        "win32",
        "windows"
      ],
      "dependencies": {
        "@stdlib/assert-is-string": "^0.2.2",
        "@stdlib/error-tools-fmtprodmsg": "^0.2.2",
        "@stdlib/string-format": "^0.2.2"
      },
      "engines": {
        "node": ">=0.10.0",
        "npm": ">2.7.0"
      },
      "funding": {
        "type": "opencollective",
        "url": "https://opencollective.com/stdlib"
      }
    },
    "node_modules/@stdlib/symbol-ctor": {
      "version": "0.2.2",
      "resolved": "https://registry.npmjs.org/@stdlib/symbol-ctor/-/symbol-ctor-0.2.2.tgz",
      "integrity": "sha512-XsmiTfHnTb9jSPf2SoK3O0wrNOXMxqzukvDvtzVur1XBKfim9+seaAS4akmV1H3+AroAXQWVtde885e1B6jz1w==",
      "os": [
        "aix",
        "darwin",
        "freebsd",
        "linux",
        "macos",
        "openbsd",
        "sunos",
        "win32",
        "windows"
      ],
      "engines": {
        "node": ">=0.10.0",
        "npm": ">2.7.0"
      },
      "funding": {
        "type": "opencollective",
        "url": "https://opencollective.com/stdlib"
      }
    },
    "node_modules/@stdlib/utils-constructor-name": {
      "version": "0.2.2",
      "resolved": "https://registry.npmjs.org/@stdlib/utils-constructor-name/-/utils-constructor-name-0.2.2.tgz",
      "integrity": "sha512-TBtO3MKDAf05ij5ajmyBCbpKKt0Lfahn5tu18gqds4PkFltgcw5tVZfSHY5DZ2HySJQ2GMMYjPW2Kbg6yPCSVg==",
      "os": [
        "aix",
        "darwin",
        "freebsd",
        "linux",
        "macos",
        "openbsd",
        "sunos",
        "win32",
        "windows"
      ],
      "dependencies": {
        "@stdlib/assert-is-buffer": "^0.2.1",
        "@stdlib/regexp-function-name": "^0.2.2",
        "@stdlib/utils-native-class": "^0.2.1"
      },
      "engines": {
        "node": ">=0.10.0",
        "npm": ">2.7.0"
      },
      "funding": {
        "type": "opencollective",
        "url": "https://opencollective.com/stdlib"
      }
    },
    "node_modules/@stdlib/utils-define-nonenumerable-read-only-property": {
      "version": "0.2.2",
      "resolved": "https://registry.npmjs.org/@stdlib/utils-define-nonenumerable-read-only-property/-/utils-define-nonenumerable-read-only-property-0.2.2.tgz",
      "integrity": "sha512-V3mpAesJemLYDKG376CsmoczWPE/4LKsp8xBvUxCt5CLNAx3J/1W39iZQyA5q6nY1RStGinGn1/dYZwa8ig0Uw==",
      "os": [
        "aix",
        "darwin",
        "freebsd",
        "linux",
        "macos",
        "openbsd",
        "sunos",
        "win32",
        "windows"
      ],
      "dependencies": {
        "@stdlib/utils-define-property": "^0.2.3"
      },
      "engines": {
        "node": ">=0.10.0",
        "npm": ">2.7.0"
      },
      "funding": {
        "type": "opencollective",
        "url": "https://opencollective.com/stdlib"
      }
    },
    "node_modules/@stdlib/utils-define-property": {
      "version": "0.2.4",
      "resolved": "https://registry.npmjs.org/@stdlib/utils-define-property/-/utils-define-property-0.2.4.tgz",
      "integrity": "sha512-XlMdz7xwuw/sqXc9LbsV8XunCzZXjbZPC+OAdf4t4PBw4ZRwGzlTI6WED+f4PYR5Tp9F1cHgLPyMYCIBfA2zRg==",
      "os": [
        "aix",
        "darwin",
        "freebsd",
        "linux",
        "macos",
        "openbsd",
        "sunos",
        "win32",
        "windows"
      ],
      "dependencies": {
        "@stdlib/error-tools-fmtprodmsg": "^0.2.1",
        "@stdlib/string-format": "^0.2.1"
      },
      "engines": {
        "node": ">=0.10.0",
        "npm": ">2.7.0"
      },
      "funding": {
        "type": "opencollective",
        "url": "https://opencollective.com/stdlib"
      }
    },
    "node_modules/@stdlib/utils-get-prototype-of": {
      "version": "0.2.2",
      "resolved": "https://registry.npmjs.org/@stdlib/utils-get-prototype-of/-/utils-get-prototype-of-0.2.2.tgz",
      "integrity": "sha512-eDb1BAvt7GW/jduBkfuQrUsA9p09mV8RW20g0DWPaxci6ORYg/UB0tdbAA23aZz2QUoxdYY5s/UJxlq/GHwoKQ==",
      "os": [
        "aix",
        "darwin",
        "freebsd",
        "linux",
        "macos",
        "openbsd",
        "sunos",
        "win32",
        "windows"
      ],
      "dependencies": {
        "@stdlib/assert-is-function": "^0.2.1",
        "@stdlib/object-ctor": "^0.2.1",
        "@stdlib/utils-native-class": "^0.2.1"
      },
      "engines": {
        "node": ">=0.10.0",
        "npm": ">2.7.0"
      },
      "funding": {
        "type": "opencollective",
        "url": "https://opencollective.com/stdlib"
      }
    },
    "node_modules/@stdlib/utils-global": {
      "version": "0.2.2",
      "resolved": "https://registry.npmjs.org/@stdlib/utils-global/-/utils-global-0.2.2.tgz",
      "integrity": "sha512-A4E8VFHn+1bpfJ4PA8H2b62CMQpjv2A+H3QDEBrouLFWne0wrx0TNq8vH6VYHxx9ZRxhgWQjfHiSAxtUJobrbQ==",
      "os": [
        "aix",
        "darwin",
        "freebsd",
        "linux",
        "macos",
        "openbsd",
        "sunos",
        "win32",
        "windows"
      ],
      "dependencies": {
        "@stdlib/assert-is-boolean": "^0.2.1",
        "@stdlib/error-tools-fmtprodmsg": "^0.2.2",
        "@stdlib/string-format": "^0.2.2"
      },
      "engines": {
        "node": ">=0.10.0",
        "npm": ">2.7.0"
      },
      "funding": {
        "type": "opencollective",
        "url": "https://opencollective.com/stdlib"
      }
    },
    "node_modules/@stdlib/utils-native-class": {
      "version": "0.2.2",
      "resolved": "https://registry.npmjs.org/@stdlib/utils-native-class/-/utils-native-class-0.2.2.tgz",
      "integrity": "sha512-cSn/FozbEpfR/FlJAoceQtZ8yUJFhZ8RFkbEsxW/7+H4o09yln3lBS0HSfUJISYNtpTNN/2/Fup88vmvwspvwA==",
      "os": [
        "aix",
        "darwin",
        "freebsd",
        "linux",
        "macos",
        "openbsd",
        "sunos",
        "win32",
        "windows"
      ],
      "dependencies": {
        "@stdlib/assert-has-own-property": "^0.2.1",
        "@stdlib/assert-has-tostringtag-support": "^0.2.2",
        "@stdlib/symbol-ctor": "^0.2.2"
      },
      "engines": {
        "node": ">=0.10.0",
        "npm": ">2.7.0"
      },
      "funding": {
        "type": "opencollective",
        "url": "https://opencollective.com/stdlib"
      }
    },
    "node_modules/@stdlib/utils-parse-json": {
      "version": "0.2.2",
      "resolved": "https://registry.npmjs.org/@stdlib/utils-parse-json/-/utils-parse-json-0.2.2.tgz",
      "integrity": "sha512-gaeJ4t/nKLa7+sXRfxpXx57V0Ajcf1VMVHGvU7x4k3ecLcUkwuURInYXi84WbU2XafHjlFPJ3sQHzjhG8TjIQQ==",
      "os": [
        "aix",
        "darwin",
        "freebsd",
        "linux",
        "macos",
        "openbsd",
        "sunos",
        "win32",
        "windows"
      ],
      "dependencies": {
        "@stdlib/assert-is-function": "^0.2.1",
        "@stdlib/assert-is-string": "^0.2.1",
        "@stdlib/error-tools-fmtprodmsg": "^0.2.2",
        "@stdlib/string-format": "^0.2.2"
      },
      "engines": {
        "node": ">=0.10.0",
        "npm": ">2.7.0"
      },
      "funding": {
        "type": "opencollective",
        "url": "https://opencollective.com/stdlib"
      }
    },
    "node_modules/@stdlib/utils-type-of": {
      "version": "0.2.2",
      "resolved": "https://registry.npmjs.org/@stdlib/utils-type-of/-/utils-type-of-0.2.2.tgz",
      "integrity": "sha512-RLGFxPNgY9AtVVrFGdKO6Y3pOd/Ov2WA4O2/czZN/AbgYzbPdoF0KkfvHRIney6k+TtvoyYB8YqZXJ4G88f9BQ==",
      "os": [
        "aix",
        "darwin",
        "freebsd",
        "linux",
        "macos",
        "openbsd",
        "sunos",
        "win32",
        "windows"
      ],
      "dependencies": {
        "@stdlib/utils-constructor-name": "^0.2.1",
        "@stdlib/utils-global": "^0.2.2"
      },
      "engines": {
        "node": ">=0.10.0",
        "npm": ">2.7.0"
      },
      "funding": {
        "type": "opencollective",
        "url": "https://opencollective.com/stdlib"
      }
    },
    "node_modules/all-the-cities": {
      "version": "3.1.0",
      "resolved": "https://registry.npmjs.org/all-the-cities/-/all-the-cities-3.1.0.tgz",
      "integrity": "sha512-Jx+mZR7lUVSX+qk785T3MRkAJYMvUpOmeNQSCbUl1WcCNpBUKJsQJ6uZzOl3/bWXVIUx1UhDFs8ASDHSI3rvzg==",
      "dependencies": {
        "pbf": "^3.2.1"
      }
    },
    "node_modules/categorized-words": {
      "version": "1.0.0",
      "resolved": "https://registry.npmjs.org/categorized-words/-/categorized-words-1.0.0.tgz",
      "integrity": "sha512-rnJ4rAHVbf3jw39+WXei+7zCiiPn/fUP3sLelRLVCwEOy75v/xIHVptm/vyaLe1uhI1OekN9zUSukSco07gzEg=="
    },
    "node_modules/ieee754": {
      "version": "1.2.1",
      "resolved": "https://registry.npmjs.org/ieee754/-/ieee754-1.2.1.tgz",
      "integrity": "sha512-dcyqhDvX1C46lXZcVqCpK+FtMRQVdIMN6/Df5js2zouUsqG7I6sFxitIC+7KYK29KdXOLHdu9zL4sFnoVQnqaA==",
      "funding": [
        {
          "type": "github",
          "url": "https://github.com/sponsors/feross"
        },
        {
          "type": "patreon",
          "url": "https://www.patreon.com/feross"
        },
        {
          "type": "consulting",
          "url": "https://feross.org/support"
        }
      ]
    },
    "node_modules/node-fetch": {
      "version": "2.7.0",
      "resolved": "https://registry.npmjs.org/node-fetch/-/node-fetch-2.7.0.tgz",
      "integrity": "sha512-c4FRfUm/dbcWZ7U+1Wq0AwCyFL+3nt2bEw05wfxSz+DWpWsitgmSgYmy2dQdWyKC1694ELPqMs/YzUSNozLt8A==",
      "dependencies": {
        "whatwg-url": "^5.0.0"
      },
      "engines": {
        "node": "4.x || >=6.0.0"
      },
      "peerDependencies": {
        "encoding": "^0.1.0"
      },
      "peerDependenciesMeta": {
        "encoding": {
          "optional": true
        }
      }
    },
    "node_modules/pbf": {
      "version": "3.3.0",
      "resolved": "https://registry.npmjs.org/pbf/-/pbf-3.3.0.tgz",
      "integrity": "sha512-XDF38WCH3z5OV/OVa8GKUNtLAyneuzbCisx7QUCF8Q6Nutx0WnJrQe5O+kOtBlLfRNUws98Y58Lblp+NJG5T4Q==",
      "dependencies": {
        "ieee754": "^1.1.12",
        "resolve-protobuf-schema": "^2.1.0"
      },
      "bin": {
        "pbf": "bin/pbf"
      }
    },
    "node_modules/protocol-buffers-schema": {
      "version": "3.6.0",
      "resolved": "https://registry.npmjs.org/protocol-buffers-schema/-/protocol-buffers-schema-3.6.0.tgz",
      "integrity": "sha512-TdDRD+/QNdrCGCE7v8340QyuXd4kIWIgapsE2+n/SaGiSSbomYl4TjHlvIoCWRpE7wFt02EpB35VVA2ImcBVqw=="
    },
    "node_modules/resolve-protobuf-schema": {
      "version": "2.1.0",
      "resolved": "https://registry.npmjs.org/resolve-protobuf-schema/-/resolve-protobuf-schema-2.1.0.tgz",
      "integrity": "sha512-kI5ffTiZWmJaS/huM8wZfEMer1eRd7oJQhDuxeCLe3t7N7mX3z94CN0xPxBQxFYQTSNz9T0i+v6inKqSdK8xrQ==",
      "dependencies": {
        "protocol-buffers-schema": "^3.3.1"
      }
    },
    "node_modules/tr46": {
      "version": "0.0.3",
      "resolved": "https://registry.npmjs.org/tr46/-/tr46-0.0.3.tgz",
      "integrity": "sha512-N3WMsuqV66lT30CrXNbEjx4GEwlow3v6rr4mCcv6prnfwhS01rkgyFdjPNBYd9br7LpXV1+Emh01fHnq2Gdgrw=="
    },
    "node_modules/webidl-conversions": {
      "version": "3.0.1",
      "resolved": "https://registry.npmjs.org/webidl-conversions/-/webidl-conversions-3.0.1.tgz",
      "integrity": "sha512-2JAn3z8AR6rjK8Sm8orRC0h/bcl/DqL7tRPdGZ4I1CjdF+EaMLmYxBHyXuKL849eucPFhvBoxMsflfOb8kxaeQ=="
    },
    "node_modules/whatwg-url": {
      "version": "5.0.0",
      "resolved": "https://registry.npmjs.org/whatwg-url/-/whatwg-url-5.0.0.tgz",
      "integrity": "sha512-saE57nupxk6v3HY35+jzBwYa0rKSy0XR8JSxZPwgLr7ys0IBzhGviA1/TUGJLmSVqs8pb9AnvICXEuOHLprYTw==",
      "dependencies": {
        "tr46": "~0.0.3",
        "webidl-conversions": "^3.0.0"
      }
    }
  }
}
